
Microsoft Visual Studio Solution File, Format Version 12.00
# Visual Studio Version 17
VisualStudioVersion = 17.12.35527.113
MinimumVisualStudioVersion = 10.0.40219.1
Project("{FAE04EC0-301F-11D3-BF4B-00C04F79EFBC}") = "AcunmedyaAkademiStock.WebApi", "AcunmedyaAkademiStock.WebApi\AcunmedyaAkademiStock.WebApi.csproj", "{381705C9-51D1-4F7C-AD61-3FC4624D6C6F}"
EndProject
Project("{FAE04EC0-301F-11D3-BF4B-00C04F79EFBC}") = "AcunmedyaAkademiStock.WebUI", "AcunmedyaAkademiStock.WebUI\AcunmedyaAkademiStock.WebUI.csproj", "{42419921-F3B4-4477-B90C-E9D000706BBF}"
EndProject
Global
	GlobalSection(SolutionConfigurationPlatforms) = preSolution
		Debug|Any CPU = Debug|Any CPU
		Release|Any CPU = Release|Any CPU
	EndGlobalSection
	GlobalSection(ProjectConfigurationPlatforms) = postSolution
		{381705C9-51D1-4F7C-AD61-3FC4624D6C6F}.Debug|Any CPU.ActiveCfg = Debug|Any CPU
		{381705C9-51D1-4F7C-AD61-3FC4624D6C6F}.Debug|Any CPU.Build.0 = Debug|Any CPU
		{381705C9-51D1-4F7C-AD61-3FC4624D6C6F}.Release|Any CPU.ActiveCfg = Release|Any CPU
		{381705C9-51D1-4F7C-AD61-3FC4624D6C6F}.Release|Any CPU.Build.0 = Release|Any CPU
		{42419921-F3B4-4477-B90C-E9D000706BBF}.Debug|Any CPU.ActiveCfg = Debug|Any CPU
		{42419921-F3B4-4477-B90C-E9D000706BBF}.Debug|Any CPU.Build.0 = Debug|Any CPU
		{42419921-F3B4-4477-B90C-E9D000706BBF}.Release|Any CPU.ActiveCfg = Release|Any CPU
		{42419921-F3B4-4477-B90C-E9D000706BBF}.Release|Any CPU.Build.0 = Release|Any CPU
	EndGlobalSection
	GlobalSection(SolutionProperties) = preSolution
		HideSolutionNode = FALSE
	EndGlobalSection
EndGlobal
